
Microsoft Visual Studio Solution File, Format Version 12.00
# Visual Studio Version 17
VisualStudioVersion = 17.2.32616.157
MinimumVisualStudioVersion = 10.0.40219.1
Project("{9A19103F-16F7-4668-BE54-9A1E7A4F7556}") = "TvMazeApi.Repository", "TvMazeApi.Repository\TvMazeApi.Repository.csproj", "{780B160B-3BB7-4DCA-9824-A0C6B843916A}"
EndProject
Project("{FAE04EC0-301F-11D3-BF4B-00C04F79EFBC}") = "TvMazeApi.Tests", "TvMazeApi.Tests\TvMazeApi.Tests.csproj", "{04D704CE-D26A-4C9F-A394-DDA33719EC9B}"
EndProject
Global
	GlobalSection(SolutionConfigurationPlatforms) = preSolution
		Debug|Any CPU = Debug|Any CPU
		Release|Any CPU = Release|Any CPU
	EndGlobalSection
	GlobalSection(ProjectConfigurationPlatforms) = postSolution
		{780B160B-3BB7-4DCA-9824-A0C6B843916A}.Debug|Any CPU.ActiveCfg = Debug|Any CPU
		{780B160B-3BB7-4DCA-9824-A0C6B843916A}.Debug|Any CPU.Build.0 = Debug|Any CPU
		{780B160B-3BB7-4DCA-9824-A0C6B843916A}.Release|Any CPU.ActiveCfg = Release|Any CPU
		{780B160B-3BB7-4DCA-9824-A0C6B843916A}.Release|Any CPU.Build.0 = Release|Any CPU
		{04D704CE-D26A-4C9F-A394-DDA33719EC9B}.Debug|Any CPU.ActiveCfg = Debug|Any CPU
		{04D704CE-D26A-4C9F-A394-DDA33719EC9B}.Debug|Any CPU.Build.0 = Debug|Any CPU
		{04D704CE-D26A-4C9F-A394-DDA33719EC9B}.Release|Any CPU.ActiveCfg = Release|Any CPU
		{04D704CE-D26A-4C9F-A394-DDA33719EC9B}.Release|Any CPU.Build.0 = Release|Any CPU
	EndGlobalSection
	GlobalSection(SolutionProperties) = preSolution
		HideSolutionNode = FALSE
	EndGlobalSection
	GlobalSection(ExtensibilityGlobals) = postSolution
		SolutionGuid = {40B00976-EE1D-4817-9D6D-C96B09C77923}
	EndGlobalSection
EndGlobal
